
Microsoft Visual Studio Solution File, Format Version 12.00
# Visual Studio Version 16
VisualStudioVersion = 16.0.30611.23
MinimumVisualStudioVersion = 10.0.40219.1
Project("{FAE04EC0-301F-11D3-BF4B-00C04F79EFBC}") = "console", "console.csproj", "{5576AD0A-2254-4453-9AEE-0672B55575AB}"
EndProject
Global
	GlobalSection(SolutionConfigurationPlatforms) = preSolution
		Debug|Any CPU = Debug|Any CPU
		Release|Any CPU = Release|Any CPU
	EndGlobalSection
	GlobalSection(ProjectConfigurationPlatforms) = postSolution
		{5576AD0A-2254-4453-9AEE-0672B55575AB}.Debug|Any CPU.ActiveCfg = Debug|Any CPU
		{5576AD0A-2254-4453-9AEE-0672B55575AB}.Debug|Any CPU.Build.0 = Debug|Any CPU
		{5576AD0A-2254-4453-9AEE-0672B55575AB}.Release|Any CPU.ActiveCfg = Release|Any CPU
		{5576AD0A-2254-4453-9AEE-0672B55575AB}.Release|Any CPU.Build.0 = Release|Any CPU
	EndGlobalSection
	GlobalSection(SolutionProperties) = preSolution
		HideSolutionNode = FALSE
	EndGlobalSection
	GlobalSection(ExtensibilityGlobals) = postSolution
		SolutionGuid = {448DBE6C-0B34-46CE-8B7B-8A5D8C209433}
	EndGlobalSection
EndGlobal
